// !$*UTF8*$!
{
	archiveVersion = 1;
	classes = {
	};
	objectVersion = 48;
	objects = {

/* Begin PBXBuildFile section */
		CF0E9A901F17FEE1006ECDD4 /* AppDelegate.swift in Sources */ = {isa = PBXBuildFile; fileRef = CF0E9A8F1F17FEE1006ECDD4 /* AppDelegate.swift */; };
		CF0E9A921F17FEE1006ECDD4 /* ViewController.swift in Sources */ = {isa = PBXBuildFile; fileRef = CF0E9A911F17FEE1006ECDD4 /* ViewController.swift */; };
		CF0E9A951F17FEE1006ECDD4 /* Main.storyboard in Resources */ = {isa = PBXBuildFile; fileRef = CF0E9A931F17FEE1006ECDD4 /* Main.storyboard */; };
		CF0E9A981F17FEE1006ECDD4 /* CoredataAsynchronousFetching.xcdatamodeld in Sources */ = {isa = PBXBuildFile; fileRef = CF0E9A961F17FEE1006ECDD4 /* CoredataAsynchronousFetching.xcdatamodeld */; };
		CF0E9A9A1F17FEE1006ECDD4 /* Assets.xcassets in Resources */ = {isa = PBXBuildFile; fileRef = CF0E9A991F17FEE1006ECDD4 /* Assets.xcassets */; };
		CF0E9A9D1F17FEE1006ECDD4 /* LaunchScreen.storyboard in Resources */ = {isa = PBXBuildFile; fileRef = CF0E9A9B1F17FEE1006ECDD4 /* LaunchScreen.storyboard */; };
/* End PBXBuildFile section */

/* Begin PBXFileReference section */
		CF0E9A8C1F17FEE1006ECDD4 /* CoredataAsynchronousFetching.app */ = {isa = PBXFileReference; explicitFileType = wrapper.application; includeInIndex = 0; path = CoredataAsynchronousFetching.app; sourceTree = BUILT_PRODUCTS_DIR; };
		CF0E9A8F1F17FEE1006ECDD4 /* AppDelegate.swift */ = {isa = PBXFileReference; lastKnownFileType = sourcecode.swift; path = AppDelegate.swift; sourceTree = "<group>"; };
		CF0E9A911F17FEE1006ECDD4 /* ViewController.swift */ = {isa = PBXFileReference; lastKnownFileType = sourcecode.swift; path = ViewController.swift; sourceTree = "<group>"; };
		CF0E9A941F17FEE1006ECDD4 /* Base */ = {isa = PBXFileReference; lastKnownFileType = file.storyboard; name = Base; path = Base.lproj/Main.storyboard; sourceTree = "<group>"; };
		CF0E9A971F17FEE1006ECDD4 /* CoredataAsynchronousFetching.xcdatamodel */ = {isa = PBXFileReference; lastKnownFileType = wrapper.xcdatamodel; path = CoredataAsynchronousFetching.xcdatamodel; sourceTree = "<group>"; };
		CF0E9A991F17FEE1006ECDD4 /* Assets.xcassets */ = {isa = PBXFileReference; lastKnownFileType = folder.assetcatalog; path = Assets.xcassets; sourceTree = "<group>"; };
		CF0E9A9C1F17FEE1006ECDD4 /* Base */ = {isa = PBXFileReference; lastKnownFileType = file.storyboard; name = Base; path = Base.lproj/LaunchScreen.storyboard; sourceTree = "<group>"; };
		CF0E9A9E1F17FEE1006ECDD4 /* Info.plist */ = {isa = PBXFileReference; lastKnownFileType = text.plist.xml; path = Info.plist; sourceTree = "<group>"; };
/* End PBXFileReference section */

/* Begin PBXFrameworksBuildPhase section */
		CF0E9A891F17FEE1006ECDD4 /* Frameworks */ = {
			isa = PBXFrameworksBuildPhase;
			buildActionMask = 2147483647;
			files = (
			);
			runOnlyForDeploymentPostprocessing = 0;
		};
/* End PBXFrameworksBuildPhase section */

/* Begin PBXGroup section */
		CF0E9A831F17FEE1006ECDD4 = {
			isa = PBXGroup;
			children = (
				CF0E9A8E1F17FEE1006ECDD4 /* CoredataAsynchronousFetching */,
				CF0E9A8D1F17FEE1006ECDD4 /* Products */,
			);
			sourceTree = "<group>";
		};
		CF0E9A8D1F17FEE1006ECDD4 /* Products */ = {
			isa = PBXGroup;
			children = (
				CF0E9A8C1F17FEE1006ECDD4 /* CoredataAsynchronousFetching.app */,
			);
			name = Products;
			sourceTree = "<group>";
		};
		CF0E9A8E1F17FEE1006ECDD4 /* CoredataAsynchronousFetching */ = {
			isa = PBXGroup;
			children = (
				CF0E9A8F1F17FEE1006ECDD4 /* AppDelegate.swift */,
				CF0E9A911F17FEE1006ECDD4 /* ViewController.swift */,
				CF0E9A931F17FEE1006ECDD4 /* Main.storyboard */,
				CF0E9A991F17FEE1006ECDD4 /* Assets.xcassets */,
				CF0E9A9B1F17FEE1006ECDD4 /* LaunchScreen.storyboard */,
				CF0E9A9E1F17FEE1006ECDD4 /* Info.plist */,
				CF0E9A961F17FEE1006ECDD4 /* CoredataAsynchronousFetching.xcdatamodeld */,
			);
			path = CoredataAsynchronousFetching;
			sourceTree = "<group>";
		};
/* End PBXGroup section */

/* Begin PBXNativeTarget section */
		CF0E9A8B1F17FEE1006ECDD4 /* CoredataAsynchronousFetching */ = {
			isa = PBXNativeTarget;
			buildConfigurationList = CF0E9AA11F17FEE1006ECDD4 /* Build configuration list for PBXNativeTarget "CoredataAsynchronousFetching" */;
			buildPhases = (
				CF0E9A881F17FEE1006ECDD4 /* Sources */,
				CF0E9A891F17FEE1006ECDD4 /* Frameworks */,
				CF0E9A8A1F17FEE1006ECDD4 /* Resources */,
			);
			buildRules = (
			);
			dependencies = (
			);
			name = CoredataAsynchronousFetching;
			productName = CoredataAsynchronousFetching;
			productReference = CF0E9A8C1F17FEE1006ECDD4 /* CoredataAsynchronousFetching.app */;
			productType = "com.apple.product-type.application";
		};
/* End PBXNativeTarget section */

/* Begin PBXProject section */
		CF0E9A841F17FEE1006ECDD4 /* Project object */ = {
			isa = PBXProject;
			attributes = {
				LastSwiftUpdateCheck = 0900;
				LastUpgradeCheck = 0900;
				ORGANIZATIONNAME = abhishekbedi;
				TargetAttributes = {
					CF0E9A8B1F17FEE1006ECDD4 = {
						CreatedOnToolsVersion = 9.0;
					};
				};
			};
			buildConfigurationList = CF0E9A871F17FEE1006ECDD4 /* Build configuration list for PBXProject "CoredataAsynchronousFetching" */;
			compatibilityVersion = "Xcode 8.0";
			developmentRegion = en;
			hasScannedForEncodings = 0;
			knownRegions = (
				en,
				Base,
			);
			mainGroup = CF0E9A831F17FEE1006ECDD4;
			productRefGroup = CF0E9A8D1F17FEE1006ECDD4 /* Products */;
			projectDirPath = "";
			projectRoot = "";
			targets = (
				CF0E9A8B1F17FEE1006ECDD4 /* CoredataAsynchronousFetching */,
			);
		};
/* End PBXProject section */

/* Begin PBXResourcesBuildPhase section */
		CF0E9A8A1F17FEE1006ECDD4 /* Resources */ = {
			isa = PBXResourcesBuildPhase;
			buildActionMask = 2147483647;
			files = (
				CF0E9A9D1F17FEE1006ECDD4 /* LaunchScreen.storyboard in Resources */,
				CF0E9A9A1F17FEE1006ECDD4 /* Assets.xcassets in Resources */,
				CF0E9A951F17FEE1006ECDD4 /* Main.storyboard in Resources */,
			);
			runOnlyForDeploymentPostprocessing = 0;
		};
/* End PBXResourcesBuildPhase section */

/* Begin PBXSourcesBuildPhase section */
		CF0E9A881F17FEE1006ECDD4 /* Sources */ = {
			isa = PBXSourcesBuildPhase;
			buildActionMask = 2147483647;
			files = (
				CF0E9A921F17FEE1006ECDD4 /* ViewController.swift in Sources */,
				CF0E9A901F17FEE1006ECDD4 /* AppDelegate.swift in Sources */,
				CF0E9A981F17FEE1006ECDD4 /* CoredataAsynchronousFetching.xcdatamodeld in Sources */,
			);
			runOnlyForDeploymentPostprocessing = 0;
		};
/* End PBXSourcesBuildPhase section */

/* Begin PBXVariantGroup section */
		CF0E9A931F17FEE1006ECDD4 /* Main.storyboard */ = {
			isa = PBXVariantGroup;
			children = (
				CF0E9A941F17FEE1006ECDD4 /* Base */,
			);
			name = Main.storyboard;
			sourceTree = "<group>";
		};
		CF0E9A9B1F17FEE1006ECDD4 /* LaunchScreen.storyboard */ = {
			isa = PBXVariantGroup;
			children = (
				CF0E9A9C1F17FEE1006ECDD4 /* Base */,
			);
			name = LaunchScreen.storyboard;
			sourceTree = "<group>";
		};
/* End PBXVariantGroup section */

/* Begin XCBuildConfiguration section */
		CF0E9A9F1F17FEE1006ECDD4 /* Debug */ = {
			isa = XCBuildConfiguration;
			buildSettings = {
				ALWAYS_SEARCH_USER_PATHS = NO;
				CLANG_ANALYZER_NONNULL = YES;
				CLANG_ANALYZER_NUMBER_OBJECT_CONVERSION = YES_AGGRESSIVE;
				CLANG_CXX_LANGUAGE_STANDARD = "gnu++14";
				CLANG_CXX_LIBRARY = "libc++";
				CLANG_ENABLE_MODULES = YES;
				CLANG_ENABLE_OBJC_ARC = YES;
				CLANG_WARN_BLOCK_CAPTURE_AUTORELEASING = YES;
				CLANG_WARN_BOOL_CONVERSION = YES;
				CLANG_WARN_COMMA = YES;
				CLANG_WARN_CONSTANT_CONVERSION = YES;
				CLANG_WARN_DIRECT_OBJC_ISA_USAGE = YES_ERROR;
				CLANG_WARN_DOCUMENTATION_COMMENTS = YES;
				CLANG_WARN_EMPTY_BODY = YES;
				CLANG_WARN_ENUM_CONVERSION = YES;
				CLANG_WARN_INFINITE_RECURSION = YES;
				CLANG_WARN_INT_CONVERSION = YES;
				CLANG_WARN_OBJC_ROOT_CLASS = YES_ERROR;
				CLANG_WARN_RANGE_LOOP_ANALYSIS = YES;
				CLANG_WARN_STRICT_PROTOTYPES = YES;
				CLANG_WARN_SUSPICIOUS_MOVE = YES;
				CLANG_WARN_UNGUARDED_AVAILABILITY = YES_AGGRESSIVE;
				CLANG_WARN_UNREACHABLE_CODE = YES;
				CLANG_WARN__DUPLICATE_METHOD_MATCH = YES;
				CODE_SIGN_IDENTITY = "iPhone Developer";
				COPY_PHASE_STRIP = NO;
				DEBUG_INFORMATION_FORMAT = dwarf;
				ENABLE_STRICT_OBJC_MSGSEND = YES;
				ENABLE_TESTABILITY = YES;
				GCC_C_LANGUAGE_STANDARD = gnu11;
				GCC_DYNAMIC_NO_PIC = NO;
				GCC_NO_COMMON_BLOCKS = YES;
				GCC_OPTIMIZATION_LEVEL = 0;
				GCC_PREPROCESSOR_DEFINITIONS = (
					"DEBUG=1",
					"$(inherited)",
				);
				GCC_WARN_64_TO_32_BIT_CONVERSION = YES;
				GCC_WARN_ABOUT_RETURN_TYPE = YES_ERROR;
				GCC_WARN_UNDECLARED_SELECTOR = YES;
				GCC_WARN_UNINITIALIZED_AUTOS = YES_AGGRESSIVE;
				GCC_WARN_UNUSED_FUNCTION = YES;
				GCC_WARN_UNUSED_VARIABLE = YES;
				IPHONEOS_DEPLOYMENT_TARGET = 11.0;
				MTL_ENABLE_DEBUG_INFO = YES;
				ONLY_ACTIVE_ARCH = YES;
				SDKROOT = iphoneos;
				SWIFT_ACTIVE_COMPILATION_CONDITIONS = DEBUG;
				SWIFT_OPTIMIZATION_LEVEL = "-Onone";
			};
			name = Debug;
		};
		CF0E9AA01F17FEE1006ECDD4 /* Release */ = {
			isa = XCBuildConfiguration;
			buildSettings = {
				ALWAYS_SEARCH_USER_PATHS = NO;
				CLANG_ANALYZER_NONNULL = YES;
				CLANG_ANALYZER_NUMBER_OBJECT_CONVERSION = YES_AGGRESSIVE;
				CLANG_CXX_LANGUAGE_STANDARD = "gnu++14";
				CLANG_CXX_LIBRARY = "libc++";
				CLANG_ENABLE_MODULES = YES;
				CLANG_ENABLE_OBJC_ARC = YES;
				CLANG_WARN_BLOCK_CAPTURE_AUTORELEASING = YES;
				CLANG_WARN_BOOL_CONVERSION = YES;
				CLANG_WARN_COMMA = YES;
				CLANG_WARN_CONSTANT_CONVERSION = YES;
				CLANG_WARN_DIRECT_OBJC_ISA_USAGE = YES_ERROR;
				CLANG_WARN_DOCUMENTATION_COMMENTS = YES;
				CLANG_WARN_EMPTY_BODY = YES;
				CLANG_WARN_ENUM_CONVERSION = YES;
				CLANG_WARN_INFINITE_RECURSION = YES;
				CLANG_WARN_INT_CONVERSION = YES;
				CLANG_WARN_OBJC_ROOT_CLASS = YES_ERROR;
				CLANG_WARN_RANGE_LOOP_ANALYSIS = YES;
				CLANG_WARN_STRICT_PROTOTYPES = YES;
				CLANG_WARN_SUSPICIOUS_MOVE = YES;
				CLANG_WARN_UNGUARDED_AVAILABILITY = YES_AGGRESSIVE;
				CLANG_WARN_UNREACHABLE_CODE = YES;
				CLANG_WARN__DUPLICATE_METHOD_MATCH = YES;
				CODE_SIGN_IDENTITY = "iPhone Developer";
				COPY_PHASE_STRIP = NO;
				DEBUG_INFORMATION_FORMAT = "dwarf-with-dsym";
				ENABLE_NS_ASSERTIONS = NO;
				ENABLE_STRICT_OBJC_MSGSEND = YES;
				GCC_C_LANGUAGE_STANDARD = gnu11;
				GCC_NO_COMMON_BLOCKS = YES;
				GCC_WARN_64_TO_32_BIT_CONVERSION = YES;
				GCC_WARN_ABOUT_RETURN_TYPE = YES_ERROR;
				GCC_WARN_UNDECLARED_SELECTOR = YES;
				GCC_WARN_UNINITIALIZED_AUTOS = YES_AGGRESSIVE;
				GCC_WARN_UNUSED_FUNCTION = YES;
				GCC_WARN_UNUSED_VARIABLE = YES;
				IPHONEOS_DEPLOYMENT_TARGET = 11.0;
				MTL_ENABLE_DEBUG_INFO = NO;
				SDKROOT = iphoneos;
				SWIFT_OPTIMIZATION_LEVEL = "-Owholemodule";
				VALIDATE_PRODUCT = YES;
			};
			name = Release;
		};
		CF0E9AA21F17FEE1006ECDD4 /* Debug */ = {
			isa = XCBuildConfiguration;
			buildSettings = {
				ASSETCATALOG_COMPILER_APPICON_NAME = AppIcon;
				DEVELOPMENT_TEAM = D3BM54CRMY;
				INFOPLIST_FILE = CoredataAsynchronousFetching/Info.plist;
				LD_RUNPATH_SEARCH_PATHS = "$(inherited) @executable_path/Frameworks";
				PRODUCT_BUNDLE_IDENTIFIER = com.abhishekbedi.CoredataAsynchronousFetching;
				PRODUCT_NAME = "$(TARGET_NAME)";
				SWIFT_VERSION = 4.0;
				TARGETED_DEVICE_FAMILY = "1,2";
			};
			name = Debug;
		};
		CF0E9AA31F17FEE1006ECDD4 /* Release */ = {
			isa = XCBuildConfiguration;
			buildSettings = {
				ASSETCATALOG_COMPILER_APPICON_NAME = AppIcon;
				DEVELOPMENT_TEAM = D3BM54CRMY;
				INFOPLIST_FILE = CoredataAsynchronousFetching/Info.plist;
				LD_RUNPATH_SEARCH_PATHS = "$(inherited) @executable_path/Frameworks";
				PRODUCT_BUNDLE_IDENTIFIER = com.abhishekbedi.CoredataAsynchronousFetching;
				PRODUCT_NAME = "$(TARGET_NAME)";
				SWIFT_VERSION = 4.0;
				TARGETED_DEVICE_FAMILY = "1,2";
			};
			name = Release;
		};
/* End XCBuildConfiguration section */

/* Begin XCConfigurationList section */
		CF0E9A871F17FEE1006ECDD4 /* Build configuration list for PBXProject "CoredataAsynchronousFetching" */ = {
			isa = XCConfigurationList;
			buildConfigurations = (
				CF0E9A9F1F17FEE1006ECDD4 /* Debug */,
				CF0E9AA01F17FEE1006ECDD4 /* Release */,
			);
			defaultConfigurationIsVisible = 0;
			defaultConfigurationName = Release;
		};
		CF0E9AA11F17FEE1006ECDD4 /* Build configuration list for PBXNativeTarget "CoredataAsynchronousFetching" */ = {
			isa = XCConfigurationList;
			buildConfigurations = (
				CF0E9AA21F17FEE1006ECDD4 /* Debug */,
				CF0E9AA31F17FEE1006ECDD4 /* Release */,
			);
			defaultConfigurationIsVisible = 0;
		};
/* End XCConfigurationList section */

/* Begin XCVersionGroup section */
		CF0E9A961F17FEE1006ECDD4 /* CoredataAsynchronousFetching.xcdatamodeld */ = {
			isa = XCVersionGroup;
			children = (
				CF0E9A971F17FEE1006ECDD4 /* CoredataAsynchronousFetching.xcdatamodel */,
			);
			currentVersion = CF0E9A971F17FEE1006ECDD4 /* CoredataAsynchronousFetching.xcdatamodel */;
			path = CoredataAsynchronousFetching.xcdatamodeld;
			sourceTree = "<group>";
			versionGroupType = wrapper.xcdatamodel;
		};
/* End XCVersionGroup section */
	};
	rootObject = CF0E9A841F17FEE1006ECDD4 /* Project object */;
}
